
Microsoft Visual Studio Solution File, Format Version 12.00
# Visual Studio 14
VisualStudioVersion = 14.0.25420.1
MinimumVisualStudioVersion = 10.0.40219.1
Project("{FAE04EC0-301F-11D3-BF4B-00C04F79EFBC}") = "addressbok-web-test", "addressbok-web-test\addressbok-web-test.csproj", "{861A14CF-EF2A-4141-A417-7910D0DC7DCA}"
EndProject
Project("{FAE04EC0-301F-11D3-BF4B-00C04F79EFBC}") = "addressbook-test-data-generators", "addressbook-test-data-generators\addressbook-test-data-generators.csproj", "{97E82F5C-023C-4CD9-9679-DDB2C15C82E4}"
	ProjectSection(ProjectDependencies) = postProject
		{861A14CF-EF2A-4141-A417-7910D0DC7DCA} = {861A14CF-EF2A-4141-A417-7910D0DC7DCA}
	EndProjectSection
EndProject
Global
	GlobalSection(SolutionConfigurationPlatforms) = preSolution
		Debug|Any CPU = Debug|Any CPU
		Release|Any CPU = Release|Any CPU
	EndGlobalSection
	GlobalSection(ProjectConfigurationPlatforms) = postSolution
		{861A14CF-EF2A-4141-A417-7910D0DC7DCA}.Debug|Any CPU.ActiveCfg = Debug|Any CPU
		{861A14CF-EF2A-4141-A417-7910D0DC7DCA}.Debug|Any CPU.Build.0 = Debug|Any CPU
		{861A14CF-EF2A-4141-A417-7910D0DC7DCA}.Release|Any CPU.ActiveCfg = Release|Any CPU
		{861A14CF-EF2A-4141-A417-7910D0DC7DCA}.Release|Any CPU.Build.0 = Release|Any CPU
		{97E82F5C-023C-4CD9-9679-DDB2C15C82E4}.Debug|Any CPU.ActiveCfg = Debug|Any CPU
		{97E82F5C-023C-4CD9-9679-DDB2C15C82E4}.Debug|Any CPU.Build.0 = Debug|Any CPU
		{97E82F5C-023C-4CD9-9679-DDB2C15C82E4}.Release|Any CPU.ActiveCfg = Release|Any CPU
		{97E82F5C-023C-4CD9-9679-DDB2C15C82E4}.Release|Any CPU.Build.0 = Release|Any CPU
	EndGlobalSection
	GlobalSection(SolutionProperties) = preSolution
		HideSolutionNode = FALSE
	EndGlobalSection
EndGlobal
